Microsoft Visual Studio Solution File, Format Version 12.00
# Visual Studio Version 17
VisualStudioVersion = 17.9.34728.123
MinimumVisualStudioVersion = 10.0.40219.1
Project("{FAE04EC0-301F-11D3-BF4B-00C04F79EFBC}") = "UnityEngine", "src\UnityEngine\UnityEngine.csproj", "{6F85FAF3-8A24-4CE6-B8EA-9E77D65D809C}"
EndProject
Project("{FAE04EC0-301F-11D3-BF4B-00C04F79EFBC}") = "XUnity.Common", "src\XUnity.Common\XUnity.Common.csproj", "{5C6B9D7D-7C76-4633-8D85-42928AA8695F}"
EndProject
Project("{FAE04EC0-301F-11D3-BF4B-00C04F79EFBC}") = "XUnity.ResourceRedirector", "src\XUnity.ResourceRedirector\XUnity.ResourceRedirector.csproj", "{5ACED9F8-DF41-4FA2-B340-825BE6B8A35B}"
EndProject
Project("{FAE04EC0-301F-11D3-BF4B-00C04F79EFBC}") = "XUnity.ResourceRedirector.BepInEx", "src\XUnity.ResourceRedirector.BepInEx\XUnity.ResourceRedirector.BepInEx.csproj", "{D6FB1A46-7C90-4DDA-BABE-1F29403D35BD}"
EndProject
Project("{FAE04EC0-301F-11D3-BF4B-00C04F79EFBC}") = "XUnity.AutoTranslator.Plugin.ExtProtocol", "src\XUnity.AutoTranslator.Plugin.ExtProtocol\XUnity.AutoTranslator.Plugin.ExtProtocol.csproj", "{A3AA53EB-641E-4C17-B79F-433DEE45BFA3}"
EndProject
Project("{FAE04EC0-301F-11D3-BF4B-00C04F79EFBC}") = "XUnity.AutoTranslator.Plugin.Core", "src\XUnity.AutoTranslator.Plugin.Core\XUnity.AutoTranslator.Plugin.Core.csproj", "{6E308263-B597-4ABD-AB0B-72A8670CDB6F}"
EndProject
Project("{FAE04EC0-301F-11D3-BF4B-00C04F79EFBC}") = "XUnity.AutoTranslator.Plugin.BepInEx", "src\XUnity.AutoTranslator.Plugin.BepInEx\XUnity.AutoTranslator.Plugin.BepInEx.csproj", "{1E3C7A1D-8A2B-4BAA-B0E5-53F9C00A521C}"
EndProject
Project("{FAE04EC0-301F-11D3-BF4B-00C04F79EFBC}") = "CustomTranslate", "src\Translators\CustomTranslate\CustomTranslate.csproj", "{339C0A1C-5309-4D14-A896-9E954C41DE8B}"
EndProject
Global
    GlobalSection(SolutionConfigurationPlatforms) = preSolution
        Debug|Any CPU = Debug|Any CPU
        Release|Any CPU = Release|Any CPU
    EndGlobalSection
    GlobalSection(ProjectConfigurationPlatforms) = postSolution
        {6F85FAF3-8A24-4CE6-B8EA-9E77D65D809C}.Debug|Any CPU.ActiveCfg = Debug|Any CPU
        {6F85FAF3-8A24-4CE6-B8EA-9E77D65D809C}.Debug|Any CPU.Build.0 = Debug|Any CPU
        {6F85FAF3-8A24-4CE6-B8EA-9E77D65D809C}.Release|Any CPU.ActiveCfg = Release|Any CPU
        {6F85FAF3-8A24-4CE6-B8EA-9E77D65D809C}.Release|Any CPU.Build.0 = Release|Any CPU
        {5C6B9D7D-7C76-4633-8D85-42928AA8695F}.Debug|Any CPU.ActiveCfg = Debug|Any CPU
        {5C6B9D7D-7C76-4633-8D85-42928AA8695F}.Debug|Any CPU.Build.0 = Debug|Any CPU
        {5C6B9D7D-7C76-4633-8D85-42928AA8695F}.Release|Any CPU.ActiveCfg = Release|Any CPU
        {5C6B9D7D-7C76-4633-8D85-42928AA8695F}.Release|Any CPU.Build.0 = Release|Any CPU
        {5ACED9F8-DF41-4FA2-B340-825BE6B8A35B}.Debug|Any CPU.ActiveCfg = Debug|Any CPU
        {5ACED9F8-DF41-4FA2-B340-825BE6B8A35B}.Debug|Any CPU.Build.0 = Debug|Any CPU
        {5ACED9F8-DF41-4FA2-B340-825BE6B8A35B}.Release|Any CPU.ActiveCfg = Release|Any CPU
        {5ACED9F8-DF41-4FA2-B340-825BE6B8A35B}.Release|Any CPU.Build.0 = Release|Any CPU
        {D6FB1A46-7C90-4DDA-BABE-1F29403D35BD}.Debug|Any CPU.ActiveCfg = Debug|Any CPU
        {D6FB1A46-7C90-4DDA-BABE-1F29403D35BD}.Debug|Any CPU.Build.0 = Debug|Any CPU
        {D6FB1A46-7C90-4DDA-BABE-1F29403D35BD}.Release|Any CPU.ActiveCfg = Release|Any CPU
        {D6FB1A46-7C90-4DDA-BABE-1F29403D35BD}.Release|Any CPU.Build.0 = Release|Any CPU
        {A3AA53EB-641E-4C17-B79F-433DEE45BFA3}.Debug|Any CPU.ActiveCfg = Debug|Any CPU
        {A3AA53EB-641E-4C17-B79F-433DEE45BFA3}.Debug|Any CPU.Build.0 = Debug|Any CPU
        {A3AA53EB-641E-4C17-B79F-433DEE45BFA3}.Release|Any CPU.ActiveCfg = Release|Any CPU
        {A3AA53EB-641E-4C17-B79F-433DEE45BFA3}.Release|Any CPU.Build.0 = Release|Any CPU
        {6E308263-B597-4ABD-AB0B-72A8670CDB6F}.Debug|Any CPU.ActiveCfg = Debug|Any CPU
        {6E308263-B597-4ABD-AB0B-72A8670CDB6F}.Debug|Any CPU.Build.0 = Debug|Any CPU
        {6E308263-B597-4ABD-AB0B-72A8670CDB6F}.Release|Any CPU.ActiveCfg = Release|Any CPU
        {6E308263-B597-4ABD-AB0B-72A8670CDB6F}.Release|Any CPU.Build.0 = Release|Any CPU
        {1E3C7A1D-8A2B-4BAA-B0E5-53F9C00A521C}.Debug|Any CPU.ActiveCfg = Debug|Any CPU
        {1E3C7A1D-8A2B-4BAA-B0E5-53F9C00A521C}.Debug|Any CPU.Build.0 = Debug|Any CPU
        {1E3C7A1D-8A2B-4BAA-B0E5-53F9C00A521C}.Release|Any CPU.ActiveCfg = Release|Any CPU
        {1E3C7A1D-8A2B-4BAA-B0E5-53F9C00A521C}.Release|Any CPU.Build.0 = Release|Any CPU
    {339C0A1C-5309-4D14-A896-9E954C41DE8B}.Debug|Any CPU.ActiveCfg = Debug|Any CPU
    {339C0A1C-5309-4D14-A896-9E954C41DE8B}.Debug|Any CPU.Build.0 = Debug|Any CPU
    {339C0A1C-5309-4D14-A896-9E954C41DE8B}.Release|Any CPU.ActiveCfg = Release|Any CPU
    {339C0A1C-5309-4D14-A896-9E954C41DE8B}.Release|Any CPU.Build.0 = Release|Any CPU
    EndGlobalSection
    GlobalSection(SolutionProperties) = preSolution
        HideSolutionNode = FALSE
    EndGlobalSection
    GlobalSection(ExtensibilityGlobals) = postSolution
        SolutionGuid = {F68ACB26-1AE4-4D36-A46E-6842DE218F4E}
    EndGlobalSection
EndGlobal
